github.com/etienneburdet/twenty-twenty-ferber v0.0.0-20210516123322-53aff48cf461 h1:G4x8KZieJ7SZ/fDpqht7Pbnq2McHzAfa++AX+iTLa0k=
github.com/etienneburdet/twenty-twenty-ferber v0.0.0-20210516123322-53aff48cf461/go.mod h1:otxjae8GDPGsM4esb2nXoUO23x+4Slk6edXrEiztKmQ=
github.com/themefisher/twenty-twenty-hugo v0.0.0-20200906091351-7c469dbc3e68 h1:ShatRRhNswxZnCp5doRkDNvHGw1+VAzOJ/USlfbzIvY=
github.com/themefisher/twenty-twenty-hugo v0.0.0-20200906091351-7c469dbc3e68/go.mod h1:7a678ZDuA7y0P3Rc/QtvbdWjRsNFiJ72RWd9pOQT8NI=
github.com/themefisher/twenty-twenty-hugo v0.0.0-20210109104225-2b4d022b65f5 h1:io1+Wuga6cEnBCSC4pA6SGv5no5xjtgGucRU7CgbM78=
github.com/themefisher/twenty-twenty-hugo v0.0.0-20210109104225-2b4d022b65f5/go.mod h1:7a678ZDuA7y0P3Rc/QtvbdWjRsNFiJ72RWd9pOQT8NI=
